{
  "requires": true,
  "lockfileVersion": 1,
  "dependencies": {
    "domelementtype": {
      "version": "1.3.1",
      "resolved": "https://registry.npm.taobao.org/domelementtype/download/domelementtype-1.3.1.tgz",
      "integrity": "sha1-0EjESzew0Qp/Kj1f7j9DM9eQSB8="
    },
    "domhandler": {
      "version": "2.4.2",
      "resolved": "https://registry.npm.taobao.org/domhandler/download/domhandler-2.4.2.tgz",
      "integrity": "sha1-iAUJfpM9ZehVRvcm1g9euItE+AM=",
      "requires": {
        "domelementtype": "1"
      }
    },
    "entities": {
      "version": "1.1.2",
      "resolved": "https://registry.npm.taobao.org/entities/download/entities-1.1.2.tgz?cache=0&sync_timestamp=1563403318326&other_urls=https%3A%2F%2Fregistry.npm.taobao.org%2Fentities%2Fdownload%2Fentities-1.1.2.tgz",
      "integrity": "sha1-vfpzUplmTfr9NFKe1PhSKidf6lY="
    },
    "events": {
      "version": "3.0.0",
      "resolved": "https://registry.npm.taobao.org/events/download/events-3.0.0.tgz",
      "integrity": "sha1-mgoN+vYok9krh1uPJpjKQRSXPog="
    },
    "mini-ali-ui": {
      "version": "1.0.9",
      "resolved": "https://registry.npm.taobao.org/mini-ali-ui/download/mini-ali-ui-1.0.9.tgz",
      "integrity": "sha1-DDdFiuOS0kqfheRs+Luc/SoAMSY="
    },
    "mini-antui": {
      "version": "0.4.34",
      "resolved": "https://registry.npm.taobao.org/mini-antui/download/mini-antui-0.4.34.tgz",
      "integrity": "sha1-PTBoZzgtLrBKSyGlPKlVB3eG1yE="
    }
  }
}
